{
  "requires": true,
  "lockfileVersion": 1,
  "dependencies": {
    "highcharts-variable-pie": {
      "version": "0.1.7",
      "resolved": "https://registry.npmjs.org/highcharts-variable-pie/-/highcharts-variable-pie-0.1.7.tgz",
      "integrity": "sha1-dIIB1Z+PDQtXM4PFFUUyupXcovc="
    }
  }
}
